{
  "name": "yunkaf",
  "version": "1.0.0",
  "lockfileVersion": 1,
  "requires": true,
  "dependencies": {
    "@popperjs/core": {
      "version": "2.9.2",
      "resolved": "https://registry.npmjs.org/@popperjs/core/-/core-2.9.2.tgz",
      "integrity": "sha512-VZMYa7+fXHdwIq1TDhSXoVmSPEGM/aa+6Aiq3nVVJ9bXr24zScr+NlKFKC3iPljA7ho/GAZr+d2jOf5GIRC30Q=="
    },
    "@vant/icons": {
      "version": "1.6.0",
      "resolved": "https://registry.npmjs.org/@vant/icons/-/icons-1.6.0.tgz",
      "integrity": "sha512-4Hvq4tl4grCOJLZ0e8ZaivBV8xOcmTPmTT8BDkTrEIKqnDowRFDdsXxcHECzWmbmMx+CYGdngvd2Cq8YR9DfKA=="
    },
    "@vant/lazyload": {
      "version": "1.2.0",
      "resolved": "https://registry.npmjs.org/@vant/lazyload/-/lazyload-1.2.0.tgz",
      "integrity": "sha512-QsqNm8nNat4z9TdrTI4YkDXZXgg3dbGhHf7tC4mhel+gJ0u2WZcoMYKWkzQXvO+vo395cByT5iUE5a72360B2Q=="
    },
    "@vant/popperjs": {
      "version": "1.1.0",
      "resolved": "https://registry.npmjs.org/@vant/popperjs/-/popperjs-1.1.0.tgz",
      "integrity": "sha512-8MD1gz146awV/uPxYjz4pet22f7a9YVKqk7T+gFkWFwT9mEcrIUEg/xPrdOnWKLP9puXyYtm7oVfSDSefZ/p/w==",
      "requires": {
        "@popperjs/core": "^2.9.2"
      }
    },
    "@vant/use": {
      "version": "1.1.2",
      "resolved": "https://registry.npmjs.org/@vant/use/-/use-1.1.2.tgz",
      "integrity": "sha512-s4YO6zqJ3NlGeAZ104exb0c/KvlXB908pOhWhCyhfedVBn1eBnKH401ildK0sttazmq0CH8jme6mnw2ZzZvutw=="
    },
    "@vant/weapp": {
      "version": "1.6.9",
      "resolved": "https://registry.npmjs.org/@vant/weapp/-/weapp-1.6.9.tgz",
      "integrity": "sha512-d7hvWjs1cjlM4PjEAhBhbtdejqcltbIptw4/qfDC1RZUp+t7eYEDX/aRUZgtPAwTnipRXJPOyQIdf8K9jYUI/g=="
    },
    "vant": {
      "version": "3.1.1",
      "resolved": "https://registry.npmjs.org/vant/-/vant-3.1.1.tgz",
      "integrity": "sha512-y6Z3rQyvjMrZn67NxPFGSiPYf2r7KnFSPlfuh/9vIsgXK831lGgCVrMXUR5t97bGLZSqN8BY+Nobfbu6bOAbCw==",
      "requires": {
        "@vant/icons": "^1.6.0",
        "@vant/lazyload": "^1.2.0",
        "@vant/popperjs": "^1.1.0",
        "@vant/use": "^1.1.2"
      }
    },
    "vant-weapp": {
      "version": "0.5.29",
      "resolved": "https://registry.npmjs.org/vant-weapp/-/vant-weapp-0.5.29.tgz",
      "integrity": "sha512-RMc0Ga914XFwspw2WuOMU8bOHlIkua8X1DoQ/KPnGQzjwT1uEL4S7W186EmaHF1wN2krB9BVd0LdRRt39dGh6Q=="
    }
  }
}
